
Microsoft Visual Studio Solution File, Format Version 12.00
# Visual Studio Version 17
VisualStudioVersion = 17.5.002.0
MinimumVisualStudioVersion = 10.0.40219.1
Project("{9A19103F-16F7-4668-BE54-9A1E7A4F7556}") = "Market.Api", "Api\Market.Api.csproj", "{AB767C2C-BD3A-4A61-A818-DE8956E18C19}"
EndProject
Project("{9A19103F-16F7-4668-BE54-9A1E7A4F7556}") = "Market.Application", "Market.Application\Market.Application.csproj", "{92ECFC48-0BBC-4DB1-8FFC-43FC865A368A}"
EndProject
Project("{9A19103F-16F7-4668-BE54-9A1E7A4F7556}") = "Market.Domain", "Market.Domain\Market.Domain.csproj", "{3A27C592-8F31-4EB9-993D-CDAD33D124FD}"
EndProject
Project("{9A19103F-16F7-4668-BE54-9A1E7A4F7556}") = "Market.Domain.Core", "Market.Domain.Core\Market.Domain.Core.csproj", "{580ADC9C-4ACD-43A8-BF4C-0B36E7E4747E}"
EndProject
Project("{9A19103F-16F7-4668-BE54-9A1E7A4F7556}") = "Market.Infrastructure", "Market.Infrastructure\Market.Infrastructure.csproj", "{25AA1C06-B170-414D-B0E0-BBD4A4F752F9}"
EndProject
Project("{2150E333-8FDC-42A3-9474-1A3956D46DE8}") = "Tests", "Tests", "{B6AE2AA7-FE0E-49AD-BCF4-EAD886478A8D}"
EndProject
Project("{9A19103F-16F7-4668-BE54-9A1E7A4F7556}") = "Market.IntegrationTests", "Tests\Market.IntegrationTests\Market.IntegrationTests.csproj", "{40C96BF8-5839-4B3F-9047-BFE957ED99B4}"
EndProject
Project("{9A19103F-16F7-4668-BE54-9A1E7A4F7556}") = "Market.UnitTests", "Tests\Market.UnitTests\Market.UnitTests.csproj", "{47320624-49C8-4248-8F57-798FB2957282}"
EndProject
Project("{9A19103F-16F7-4668-BE54-9A1E7A4F7556}") = "Event.Message", "..\..\Event\Event.Message.csproj", "{C7A9F96C-ABB0-4341-AD92-BB020DB712F6}"
EndProject
Global
	GlobalSection(SolutionConfigurationPlatforms) = preSolution
		Debug|Any CPU = Debug|Any CPU
		Release|Any CPU = Release|Any CPU
	EndGlobalSection
	GlobalSection(ProjectConfigurationPlatforms) = postSolution
		{AB767C2C-BD3A-4A61-A818-DE8956E18C19}.Debug|Any CPU.ActiveCfg = Debug|Any CPU
		{AB767C2C-BD3A-4A61-A818-DE8956E18C19}.Debug|Any CPU.Build.0 = Debug|Any CPU
		{AB767C2C-BD3A-4A61-A818-DE8956E18C19}.Release|Any CPU.ActiveCfg = Release|Any CPU
		{AB767C2C-BD3A-4A61-A818-DE8956E18C19}.Release|Any CPU.Build.0 = Release|Any CPU
		{92ECFC48-0BBC-4DB1-8FFC-43FC865A368A}.Debug|Any CPU.ActiveCfg = Debug|Any CPU
		{92ECFC48-0BBC-4DB1-8FFC-43FC865A368A}.Debug|Any CPU.Build.0 = Debug|Any CPU
		{92ECFC48-0BBC-4DB1-8FFC-43FC865A368A}.Release|Any CPU.ActiveCfg = Release|Any CPU
		{92ECFC48-0BBC-4DB1-8FFC-43FC865A368A}.Release|Any CPU.Build.0 = Release|Any CPU
		{3A27C592-8F31-4EB9-993D-CDAD33D124FD}.Debug|Any CPU.ActiveCfg = Debug|Any CPU
		{3A27C592-8F31-4EB9-993D-CDAD33D124FD}.Debug|Any CPU.Build.0 = Debug|Any CPU
		{3A27C592-8F31-4EB9-993D-CDAD33D124FD}.Release|Any CPU.ActiveCfg = Release|Any CPU
		{3A27C592-8F31-4EB9-993D-CDAD33D124FD}.Release|Any CPU.Build.0 = Release|Any CPU
		{580ADC9C-4ACD-43A8-BF4C-0B36E7E4747E}.Debug|Any CPU.ActiveCfg = Debug|Any CPU
		{580ADC9C-4ACD-43A8-BF4C-0B36E7E4747E}.Debug|Any CPU.Build.0 = Debug|Any CPU
		{580ADC9C-4ACD-43A8-BF4C-0B36E7E4747E}.Release|Any CPU.ActiveCfg = Release|Any CPU
		{580ADC9C-4ACD-43A8-BF4C-0B36E7E4747E}.Release|Any CPU.Build.0 = Release|Any CPU
		{25AA1C06-B170-414D-B0E0-BBD4A4F752F9}.Debug|Any CPU.ActiveCfg = Debug|Any CPU
		{25AA1C06-B170-414D-B0E0-BBD4A4F752F9}.Debug|Any CPU.Build.0 = Debug|Any CPU
		{25AA1C06-B170-414D-B0E0-BBD4A4F752F9}.Release|Any CPU.ActiveCfg = Release|Any CPU
		{25AA1C06-B170-414D-B0E0-BBD4A4F752F9}.Release|Any CPU.Build.0 = Release|Any CPU
		{40C96BF8-5839-4B3F-9047-BFE957ED99B4}.Debug|Any CPU.ActiveCfg = Debug|Any CPU
		{40C96BF8-5839-4B3F-9047-BFE957ED99B4}.Debug|Any CPU.Build.0 = Debug|Any CPU
		{40C96BF8-5839-4B3F-9047-BFE957ED99B4}.Release|Any CPU.ActiveCfg = Release|Any CPU
		{40C96BF8-5839-4B3F-9047-BFE957ED99B4}.Release|Any CPU.Build.0 = Release|Any CPU
		{47320624-49C8-4248-8F57-798FB2957282}.Debug|Any CPU.ActiveCfg = Debug|Any CPU
		{47320624-49C8-4248-8F57-798FB2957282}.Debug|Any CPU.Build.0 = Debug|Any CPU
		{47320624-49C8-4248-8F57-798FB2957282}.Release|Any CPU.ActiveCfg = Release|Any CPU
		{47320624-49C8-4248-8F57-798FB2957282}.Release|Any CPU.Build.0 = Release|Any CPU
		{C7A9F96C-ABB0-4341-AD92-BB020DB712F6}.Debug|Any CPU.ActiveCfg = Debug|Any CPU
		{C7A9F96C-ABB0-4341-AD92-BB020DB712F6}.Debug|Any CPU.Build.0 = Debug|Any CPU
		{C7A9F96C-ABB0-4341-AD92-BB020DB712F6}.Release|Any CPU.ActiveCfg = Release|Any CPU
		{C7A9F96C-ABB0-4341-AD92-BB020DB712F6}.Release|Any CPU.Build.0 = Release|Any CPU
	EndGlobalSection
	GlobalSection(SolutionProperties) = preSolution
		HideSolutionNode = FALSE
	EndGlobalSection
	GlobalSection(NestedProjects) = preSolution
		{40C96BF8-5839-4B3F-9047-BFE957ED99B4} = {B6AE2AA7-FE0E-49AD-BCF4-EAD886478A8D}
		{47320624-49C8-4248-8F57-798FB2957282} = {B6AE2AA7-FE0E-49AD-BCF4-EAD886478A8D}
	EndGlobalSection
	GlobalSection(ExtensibilityGlobals) = postSolution
		SolutionGuid = {E9FC18E3-9AA3-43C5-92FE-03F5E9779916}
	EndGlobalSection
EndGlobal
